
Microsoft Visual Studio Solution File, Format Version 12.00
Project("{FAE04EC0-301F-11D3-BF4B-00C04F79EFBC}") = "SendEmail", "SendEmail\SendEmail.csproj", "{8F67758A-CC1C-4F5C-8E9A-6B6DCE45BD27}"
EndProject
Global
	GlobalSection(SolutionConfigurationPlatforms) = preSolution
		Debug|Any CPU = Debug|Any CPU
		Release|Any CPU = Release|Any CPU
	EndGlobalSection
	GlobalSection(ProjectConfigurationPlatforms) = postSolution
		{8F67758A-CC1C-4F5C-8E9A-6B6DCE45BD27}.Debug|Any CPU.ActiveCfg = Debug|Any CPU
		{8F67758A-CC1C-4F5C-8E9A-6B6DCE45BD27}.Debug|Any CPU.Build.0 = Debug|Any CPU
		{8F67758A-CC1C-4F5C-8E9A-6B6DCE45BD27}.Release|Any CPU.ActiveCfg = Release|Any CPU
		{8F67758A-CC1C-4F5C-8E9A-6B6DCE45BD27}.Release|Any CPU.Build.0 = Release|Any CPU
	EndGlobalSection
EndGlobal
